
Microsoft Visual Studio Solution File, Format Version 12.00
# Visual Studio Version 17
VisualStudioVersion = 17.11.35327.3
MinimumVisualStudioVersion = 10.0.40219.1
Project("{FAE04EC0-301F-11D3-BF4B-00C04F79EFBC}") = "ConsoleGoods", "ConsoleGoods\ConsoleGoods.csproj", "{ECB9D215-779C-49F9-8502-57929B332702}"
EndProject
Global
	GlobalSection(SolutionConfigurationPlatforms) = preSolution
		Debug|Any CPU = Debug|Any CPU
		Release|Any CPU = Release|Any CPU
	EndGlobalSection
	GlobalSection(ProjectConfigurationPlatforms) = postSolution
		{ECB9D215-779C-49F9-8502-57929B332702}.Debug|Any CPU.ActiveCfg = Debug|Any CPU
		{ECB9D215-779C-49F9-8502-57929B332702}.Debug|Any CPU.Build.0 = Debug|Any CPU
		{ECB9D215-779C-49F9-8502-57929B332702}.Release|Any CPU.ActiveCfg = Release|Any CPU
		{ECB9D215-779C-49F9-8502-57929B332702}.Release|Any CPU.Build.0 = Release|Any CPU
	EndGlobalSection
	GlobalSection(SolutionProperties) = preSolution
		HideSolutionNode = FALSE
	EndGlobalSection
	GlobalSection(ExtensibilityGlobals) = postSolution
		SolutionGuid = {E7A71B02-CF86-4109-AB69-FDFEEB862C51}
	EndGlobalSection
EndGlobal
